{
  "version": 4,
  "terraform_version": "1.1.9",
  "serial": 53,
  "lineage": "fd2bf810-3305-ab45-b82f-6d183cab3069",
  "outputs": {
    "external_ip_address_vm_1": {
      "value": "51.250.95.242",
      "type": "string"
    },
    "external_ip_address_vm_2": {
      "value": "51.250.92.254",
      "type": "string"
    },
    "external_ip_address_vm_3": {
      "value": "51.250.73.67",
      "type": "string"
    },
    "internal_ip_address_vm_1": {
      "value": "192.168.250.19",
      "type": "string"
    },
    "internal_ip_address_vm_2": {
      "value": "192.168.250.20",
      "type": "string"
    },
    "internal_ip_address_vm_3": {
      "value": "192.168.250.17",
      "type": "string"
    },
    "network_vm": {
      "value": "enp8rge7qoa195hadlef",
      "type": "string"
    },
    "subnet_vm": {
      "value": "e9bdo3fpt31c8fph0vlb",
      "type": "string"
    }
  },
  "resources": [
    {
      "mode": "managed",
      "type": "yandex_compute_instance",
      "name": "vm-1",
      "provider": "provider[\"terraform-registry.storage.yandexcloud.net/yandex-cloud/yandex\"]",
      "instances": [
        {
          "schema_version": 1,
          "attributes": {
            "allow_stopping_for_update": null,
            "boot_disk": [
              {
                "auto_delete": true,
                "device_name": "fhm5jr2b913m9ullsq28",
                "disk_id": "fhm5jr2b913m9ullsq28",
                "initialize_params": [
                  {
                    "block_size": 4096,
                    "description": "",
                    "image_id": "fd8firhksp7daa6msfes",
                    "name": "",
                    "size": 5,
                    "snapshot_id": "",
                    "type": "network-hdd"
                  }
                ],
                "mode": "READ_WRITE"
              }
            ],
            "created_at": "2022-06-28T06:51:15Z",
            "description": "",
            "folder_id": "b1gtp2cog4lf9jgalt0p",
            "fqdn": "fhm39et0ms667obfccd4.auto.internal",
            "hostname": "fhm39et0ms667obfccd4",
            "id": "fhm39et0ms667obfccd4",
            "labels": null,
            "metadata": {
              "user-data": "#cloud-config\nusers:\n  - name: vagrant \n    groups: sudo\n    shell: /bin/bash\n    sudo: ['ALL=(ALL) NOPASSWD:ALL']\n    ssh-authorized-keys: [ssh-rsa AAAAB3NzaC1yc2EAAAADAQABAAABgQCq1IZQ1V+znqKsuxchN+NW9/8RrwwkQe5P1Cyo4RdAvl/aTKahlOjspOK0Q2XlInmuLbD1L4DZxapfvMpJPE5j+Ri0mGueuD1eE5JUrrH5qrnEOvuoBG90grvdO9rrPCJVUISP0xiuyNi/wtsX/qLMaENhf6kztw9Qwq37Ir36CEpmbXHojh1AOOC9jkxPfki0VyhRacX1p+tDN5DY5sjpE88t71v1XL0cF3L41yQ6JIjUsGm4rKigkpb6XYKQA/5NDWDn7b4bUWCrqITbZlpGXsy8eXJX4C0yiSb5Wg/lPpRgzEXvkRd7a7WTZngcJAvFpekfU1oZXjlc3M2V97N3m8gkHvapxmSJI26eR0LXMg7aQYeV4IETAZRuW60VoaIFvI19pIUdEEIzuHGLjBn0e+iOArG+m/8FhYNNre/jhAn+Ma+ogodHpXaaxVJJy7zu0dHjbda5z4Jdn6fUrlvaHjJI7hpg9UQDXoII9pWEJk2labGdjFdsDrxsxTmv4Wc= vagrant@server1]\n"
            },
            "name": "clickhouse",
            "network_acceleration_type": "standard",
            "network_interface": [
              {
                "dns_record": [],
                "index": 0,
                "ip_address": "192.168.250.19",
                "ipv4": true,
                "ipv6": false,
                "ipv6_address": "",
                "ipv6_dns_record": [],
                "mac_address": "d0:0d:34:bb:a0:b7",
                "nat": true,
                "nat_dns_record": [],
                "nat_ip_address": "51.250.95.242",
                "nat_ip_version": "IPV4",
                "security_group_ids": [],
                "subnet_id": "e9bdo3fpt31c8fph0vlb"
              }
            ],
            "placement_policy": [
              {
                "placement_group_id": ""
              }
            ],
            "platform_id": "standard-v1",
            "resources": [
              {
                "core_fraction": 100,
                "cores": 2,
                "gpus": 0,
                "memory": 2
              }
            ],
            "scheduling_policy": [
              {
                "preemptible": false
              }
            ],
            "secondary_disk": [],
            "service_account_id": "",
            "status": "running",
            "timeouts": null,
            "zone": "ru-central1-a"
          },
          "sensitive_attributes": [],
          "private": "eyJlMmJmYjczMC1lY2FhLTExZTYtOGY4OC0zNDM2M2JjN2M0YzAiOnsiY3JlYXRlIjozMDAwMDAwMDAwMDAsImRlbGV0ZSI6MzAwMDAwMDAwMDAwLCJ1cGRhdGUiOjMwMDAwMDAwMDAwMH0sInNjaGVtYV92ZXJzaW9uIjoiMSJ9",
          "dependencies": [
            "yandex_vpc_network.network-1",
            "yandex_vpc_subnet.subnet-1"
          ]
        }
      ]
    },
    {
      "mode": "managed",
      "type": "yandex_compute_instance",
      "name": "vm-2",
      "provider": "provider[\"terraform-registry.storage.yandexcloud.net/yandex-cloud/yandex\"]",
      "instances": [
        {
          "schema_version": 1,
          "attributes": {
            "allow_stopping_for_update": null,
            "boot_disk": [
              {
                "auto_delete": true,
                "device_name": "fhms72oloovefijngtp4",
                "disk_id": "fhms72oloovefijngtp4",
                "initialize_params": [
                  {
                    "block_size": 4096,
                    "description": "",
                    "image_id": "fd8firhksp7daa6msfes",
                    "name": "",
                    "size": 5,
                    "snapshot_id": "",
                    "type": "network-hdd"
                  }
                ],
                "mode": "READ_WRITE"
              }
            ],
            "created_at": "2022-06-28T06:51:15Z",
            "description": "",
            "folder_id": "b1gtp2cog4lf9jgalt0p",
            "fqdn": "fhmuo5ka8u5q99rql9g1.auto.internal",
            "hostname": "fhmuo5ka8u5q99rql9g1",
            "id": "fhmuo5ka8u5q99rql9g1",
            "labels": null,
            "metadata": {
              "user-data": "#cloud-config\nusers:\n  - name: vagrant \n    groups: sudo\n    shell: /bin/bash\n    sudo: ['ALL=(ALL) NOPASSWD:ALL']\n    ssh-authorized-keys: [ssh-rsa AAAAB3NzaC1yc2EAAAADAQABAAABgQCq1IZQ1V+znqKsuxchN+NW9/8RrwwkQe5P1Cyo4RdAvl/aTKahlOjspOK0Q2XlInmuLbD1L4DZxapfvMpJPE5j+Ri0mGueuD1eE5JUrrH5qrnEOvuoBG90grvdO9rrPCJVUISP0xiuyNi/wtsX/qLMaENhf6kztw9Qwq37Ir36CEpmbXHojh1AOOC9jkxPfki0VyhRacX1p+tDN5DY5sjpE88t71v1XL0cF3L41yQ6JIjUsGm4rKigkpb6XYKQA/5NDWDn7b4bUWCrqITbZlpGXsy8eXJX4C0yiSb5Wg/lPpRgzEXvkRd7a7WTZngcJAvFpekfU1oZXjlc3M2V97N3m8gkHvapxmSJI26eR0LXMg7aQYeV4IETAZRuW60VoaIFvI19pIUdEEIzuHGLjBn0e+iOArG+m/8FhYNNre/jhAn+Ma+ogodHpXaaxVJJy7zu0dHjbda5z4Jdn6fUrlvaHjJI7hpg9UQDXoII9pWEJk2labGdjFdsDrxsxTmv4Wc= vagrant@server1]\n"
            },
            "name": "vector",
            "network_acceleration_type": "standard",
            "network_interface": [
              {
                "dns_record": [],
                "index": 0,
                "ip_address": "192.168.250.20",
                "ipv4": true,
                "ipv6": false,
                "ipv6_address": "",
                "ipv6_dns_record": [],
                "mac_address": "d0:0d:1e:c1:68:a4",
                "nat": true,
                "nat_dns_record": [],
                "nat_ip_address": "51.250.92.254",
                "nat_ip_version": "IPV4",
                "security_group_ids": [],
                "subnet_id": "e9bdo3fpt31c8fph0vlb"
              }
            ],
            "placement_policy": [
              {
                "placement_group_id": ""
              }
            ],
            "platform_id": "standard-v1",
            "resources": [
              {
                "core_fraction": 100,
                "cores": 2,
                "gpus": 0,
                "memory": 2
              }
            ],
            "scheduling_policy": [
              {
                "preemptible": false
              }
            ],
            "secondary_disk": [],
            "service_account_id": "",
            "status": "running",
            "timeouts": null,
            "zone": "ru-central1-a"
          },
          "sensitive_attributes": [],
          "private": "eyJlMmJmYjczMC1lY2FhLTExZTYtOGY4OC0zNDM2M2JjN2M0YzAiOnsiY3JlYXRlIjozMDAwMDAwMDAwMDAsImRlbGV0ZSI6MzAwMDAwMDAwMDAwLCJ1cGRhdGUiOjMwMDAwMDAwMDAwMH0sInNjaGVtYV92ZXJzaW9uIjoiMSJ9",
          "dependencies": [
            "yandex_vpc_network.network-1",
            "yandex_vpc_subnet.subnet-1"
          ]
        }
      ]
    },
    {
      "mode": "managed",
      "type": "yandex_compute_instance",
      "name": "vm-3",
      "provider": "provider[\"terraform-registry.storage.yandexcloud.net/yandex-cloud/yandex\"]",
      "instances": [
        {
          "schema_version": 1,
          "attributes": {
            "allow_stopping_for_update": null,
            "boot_disk": [
              {
                "auto_delete": true,
                "device_name": "fhmphqsegcm72vjql35v",
                "disk_id": "fhmphqsegcm72vjql35v",
                "initialize_params": [
                  {
                    "block_size": 4096,
                    "description": "",
                    "image_id": "fd8firhksp7daa6msfes",
                    "name": "",
                    "size": 5,
                    "snapshot_id": "",
                    "type": "network-hdd"
                  }
                ],
                "mode": "READ_WRITE"
              }
            ],
            "created_at": "2022-06-28T06:51:15Z",
            "description": "",
            "folder_id": "b1gtp2cog4lf9jgalt0p",
            "fqdn": "fhmj1qpgkr3lq5o4oi89.auto.internal",
            "hostname": "fhmj1qpgkr3lq5o4oi89",
            "id": "fhmj1qpgkr3lq5o4oi89",
            "labels": null,
            "metadata": {
              "user-data": "#cloud-config\nusers:\n  - name: vagrant \n    groups: sudo\n    shell: /bin/bash\n    sudo: ['ALL=(ALL) NOPASSWD:ALL']\n    ssh-authorized-keys: [ssh-rsa AAAAB3NzaC1yc2EAAAADAQABAAABgQCq1IZQ1V+znqKsuxchN+NW9/8RrwwkQe5P1Cyo4RdAvl/aTKahlOjspOK0Q2XlInmuLbD1L4DZxapfvMpJPE5j+Ri0mGueuD1eE5JUrrH5qrnEOvuoBG90grvdO9rrPCJVUISP0xiuyNi/wtsX/qLMaENhf6kztw9Qwq37Ir36CEpmbXHojh1AOOC9jkxPfki0VyhRacX1p+tDN5DY5sjpE88t71v1XL0cF3L41yQ6JIjUsGm4rKigkpb6XYKQA/5NDWDn7b4bUWCrqITbZlpGXsy8eXJX4C0yiSb5Wg/lPpRgzEXvkRd7a7WTZngcJAvFpekfU1oZXjlc3M2V97N3m8gkHvapxmSJI26eR0LXMg7aQYeV4IETAZRuW60VoaIFvI19pIUdEEIzuHGLjBn0e+iOArG+m/8FhYNNre/jhAn+Ma+ogodHpXaaxVJJy7zu0dHjbda5z4Jdn6fUrlvaHjJI7hpg9UQDXoII9pWEJk2labGdjFdsDrxsxTmv4Wc= vagrant@server1]\n"
            },
            "name": "lighthouse",
            "network_acceleration_type": "standard",
            "network_interface": [
              {
                "dns_record": [],
                "index": 0,
                "ip_address": "192.168.250.17",
                "ipv4": true,
                "ipv6": false,
                "ipv6_address": "",
                "ipv6_dns_record": [],
                "mac_address": "d0:0d:13:0e:b3:0a",
                "nat": true,
                "nat_dns_record": [],
                "nat_ip_address": "51.250.73.67",
                "nat_ip_version": "IPV4",
                "security_group_ids": [],
                "subnet_id": "e9bdo3fpt31c8fph0vlb"
              }
            ],
            "placement_policy": [
              {
                "placement_group_id": ""
              }
            ],
            "platform_id": "standard-v1",
            "resources": [
              {
                "core_fraction": 100,
                "cores": 2,
                "gpus": 0,
                "memory": 2
              }
            ],
            "scheduling_policy": [
              {
                "preemptible": false
              }
            ],
            "secondary_disk": [],
            "service_account_id": "",
            "status": "running",
            "timeouts": null,
            "zone": "ru-central1-a"
          },
          "sensitive_attributes": [],
          "private": "eyJlMmJmYjczMC1lY2FhLTExZTYtOGY4OC0zNDM2M2JjN2M0YzAiOnsiY3JlYXRlIjozMDAwMDAwMDAwMDAsImRlbGV0ZSI6MzAwMDAwMDAwMDAwLCJ1cGRhdGUiOjMwMDAwMDAwMDAwMH0sInNjaGVtYV92ZXJzaW9uIjoiMSJ9",
          "dependencies": [
            "yandex_vpc_network.network-1",
            "yandex_vpc_subnet.subnet-1"
          ]
        }
      ]
    },
    {
      "mode": "managed",
      "type": "yandex_vpc_network",
      "name": "network-1",
      "provider": "provider[\"terraform-registry.storage.yandexcloud.net/yandex-cloud/yandex\"]",
      "instances": [
        {
          "schema_version": 0,
          "attributes": {
            "created_at": "2022-06-28T06:51:13Z",
            "default_security_group_id": "",
            "description": "",
            "folder_id": "b1gtp2cog4lf9jgalt0p",
            "id": "enp8rge7qoa195hadlef",
            "labels": {},
            "name": "network1",
            "subnet_ids": [],
            "timeouts": null
          },
          "sensitive_attributes": [],
          "private": "eyJlMmJmYjczMC1lY2FhLTExZTYtOGY4OC0zNDM2M2JjN2M0YzAiOnsiY3JlYXRlIjo2MDAwMDAwMDAwMCwiZGVsZXRlIjo2MDAwMDAwMDAwMCwidXBkYXRlIjo2MDAwMDAwMDAwMH19"
        }
      ]
    },
    {
      "mode": "managed",
      "type": "yandex_vpc_subnet",
      "name": "subnet-1",
      "provider": "provider[\"terraform-registry.storage.yandexcloud.net/yandex-cloud/yandex\"]",
      "instances": [
        {
          "schema_version": 0,
          "attributes": {
            "created_at": "2022-06-28T06:51:14Z",
            "description": "",
            "dhcp_options": [],
            "folder_id": "b1gtp2cog4lf9jgalt0p",
            "id": "e9bdo3fpt31c8fph0vlb",
            "labels": {},
            "name": "subnet1",
            "network_id": "enp8rge7qoa195hadlef",
            "route_table_id": "",
            "timeouts": null,
            "v4_cidr_blocks": [
              "192.168.250.0/24"
            ],
            "v6_cidr_blocks": [],
            "zone": "ru-central1-a"
          },
          "sensitive_attributes": [],
          "private": "eyJlMmJmYjczMC1lY2FhLTExZTYtOGY4OC0zNDM2M2JjN2M0YzAiOnsiY3JlYXRlIjoxODAwMDAwMDAwMDAsImRlbGV0ZSI6MTgwMDAwMDAwMDAwLCJ1cGRhdGUiOjE4MDAwMDAwMDAwMH19",
          "dependencies": [
            "yandex_vpc_network.network-1"
          ]
        }
      ]
    }
  ]
}
